
Microsoft Visual Studio Solution File, Format Version 12.00
# Visual Studio Version 17
VisualStudioVersion = 17.5.002.0
MinimumVisualStudioVersion = 10.0.40219.1
Project("{9A19103F-16F7-4668-BE54-9A1E7A4F7556}") = "Chinook.Ng", "Chinook.Ng.csproj", "{CAD5EB0A-FEFC-4770-8E4D-D93054B13CFF}"
EndProject
Global
	GlobalSection(SolutionConfigurationPlatforms) = preSolution
		Debug|Any CPU = Debug|Any CPU
		Release|Any CPU = Release|Any CPU
	EndGlobalSection
	GlobalSection(ProjectConfigurationPlatforms) = postSolution
		{CAD5EB0A-FEFC-4770-8E4D-D93054B13CFF}.Debug|Any CPU.ActiveCfg = Debug|Any CPU
		{CAD5EB0A-FEFC-4770-8E4D-D93054B13CFF}.Debug|Any CPU.Build.0 = Debug|Any CPU
		{CAD5EB0A-FEFC-4770-8E4D-D93054B13CFF}.Release|Any CPU.ActiveCfg = Release|Any CPU
		{CAD5EB0A-FEFC-4770-8E4D-D93054B13CFF}.Release|Any CPU.Build.0 = Release|Any CPU
	EndGlobalSection
	GlobalSection(SolutionProperties) = preSolution
		HideSolutionNode = FALSE
	EndGlobalSection
	GlobalSection(ExtensibilityGlobals) = postSolution
		SolutionGuid = {34F93EA6-0F14-4FB2-80B3-9CDB30530446}
	EndGlobalSection
EndGlobal
