
Microsoft Visual Studio Solution File, Format Version 12.00
# Visual Studio Version 16
VisualStudioVersion = 16.0.29709.97
MinimumVisualStudioVersion = 10.0.40219.1
Project("{9A19103F-16F7-4668-BE54-9A1E7A4F7556}") = "Chinook.Data", "Chinook.Data\Chinook.Data.csproj", "{1E38ED64-C912-4CDC-9FD2-2AF128FD058E}"
EndProject
Project("{9A19103F-16F7-4668-BE54-9A1E7A4F7556}") = "Chinook.Model", "Chinook.Model\Chinook.Model.csproj", "{246A8A2B-5DE1-4F30-9DAB-D37D45245330}"
EndProject
Project("{9A19103F-16F7-4668-BE54-9A1E7A4F7556}") = "Chinook.Service", "Chinook.Service\Chinook.Service.csproj", "{2E5F8445-C842-46F7-A29D-50C7AB746DBA}"
EndProject
Project("{9A19103F-16F7-4668-BE54-9A1E7A4F7556}") = "Chinook.Ng", "Chinook.Ng\Chinook.Ng.csproj", "{7C3308D5-C1D4-4917-93D8-184DF9BF0045}"
EndProject
Project("{9A19103F-16F7-4668-BE54-9A1E7A4F7556}") = "Chinook.Api", "Chinook.Api\Chinook.Api.csproj", "{7676AEEE-484D-4B3D-B597-3404677928E9}"
EndProject
Global
	GlobalSection(SolutionConfigurationPlatforms) = preSolution
		Debug|Any CPU = Debug|Any CPU
		Release|Any CPU = Release|Any CPU
	EndGlobalSection
	GlobalSection(ProjectConfigurationPlatforms) = postSolution
		{1E38ED64-C912-4CDC-9FD2-2AF128FD058E}.Debug|Any CPU.ActiveCfg = Debug|Any CPU
		{1E38ED64-C912-4CDC-9FD2-2AF128FD058E}.Debug|Any CPU.Build.0 = Debug|Any CPU
		{1E38ED64-C912-4CDC-9FD2-2AF128FD058E}.Release|Any CPU.ActiveCfg = Release|Any CPU
		{1E38ED64-C912-4CDC-9FD2-2AF128FD058E}.Release|Any CPU.Build.0 = Release|Any CPU
		{246A8A2B-5DE1-4F30-9DAB-D37D45245330}.Debug|Any CPU.ActiveCfg = Debug|Any CPU
		{246A8A2B-5DE1-4F30-9DAB-D37D45245330}.Debug|Any CPU.Build.0 = Debug|Any CPU
		{246A8A2B-5DE1-4F30-9DAB-D37D45245330}.Release|Any CPU.ActiveCfg = Release|Any CPU
		{246A8A2B-5DE1-4F30-9DAB-D37D45245330}.Release|Any CPU.Build.0 = Release|Any CPU
		{2E5F8445-C842-46F7-A29D-50C7AB746DBA}.Debug|Any CPU.ActiveCfg = Debug|Any CPU
		{2E5F8445-C842-46F7-A29D-50C7AB746DBA}.Debug|Any CPU.Build.0 = Debug|Any CPU
		{2E5F8445-C842-46F7-A29D-50C7AB746DBA}.Release|Any CPU.ActiveCfg = Release|Any CPU
		{2E5F8445-C842-46F7-A29D-50C7AB746DBA}.Release|Any CPU.Build.0 = Release|Any CPU
		{7C3308D5-C1D4-4917-93D8-184DF9BF0045}.Debug|Any CPU.ActiveCfg = Debug|Any CPU
		{7C3308D5-C1D4-4917-93D8-184DF9BF0045}.Release|Any CPU.ActiveCfg = Release|Any CPU
		{7C3308D5-C1D4-4917-93D8-184DF9BF0045}.Release|Any CPU.Build.0 = Release|Any CPU
		{7676AEEE-484D-4B3D-B597-3404677928E9}.Debug|Any CPU.ActiveCfg = Debug|Any CPU
		{7676AEEE-484D-4B3D-B597-3404677928E9}.Debug|Any CPU.Build.0 = Debug|Any CPU
		{7676AEEE-484D-4B3D-B597-3404677928E9}.Release|Any CPU.ActiveCfg = Release|Any CPU
		{7676AEEE-484D-4B3D-B597-3404677928E9}.Release|Any CPU.Build.0 = Release|Any CPU
	EndGlobalSection
	GlobalSection(SolutionProperties) = preSolution
		HideSolutionNode = FALSE
	EndGlobalSection
	GlobalSection(ExtensibilityGlobals) = postSolution
		SolutionGuid = {4DEEFF59-A4E9-4E5F-8BF9-BF4EF6578D6E}
	EndGlobalSection
EndGlobal
